Microsoft Visual Studio Solution File, Format Version 12.00
# Visual Studio Version 17
VisualStudioVersion = 17.5.2.0
MinimumVisualStudioVersion = 10.0.40219.1
Project("{FAE04EC0-301F-11D3-BF4B-00C04F79EFBC}") = "ProductAggregator", "ProductAggregator.csproj", "{1C0B060F-FB6C-3D19-B218-5801137E6AAC}"
EndProject
Global
	GlobalSection(SolutionConfigurationPlatforms) = preSolution
		Debug|Any CPU = Debug|Any CPU
		Release|Any CPU = Release|Any CPU
	EndGlobalSection
	GlobalSection(ProjectConfigurationPlatforms) = postSolution
		{1C0B060F-FB6C-3D19-B218-5801137E6AAC}.Debug|Any CPU.ActiveCfg = Debug|Any CPU
		{1C0B060F-FB6C-3D19-B218-5801137E6AAC}.Debug|Any CPU.Build.0 = Debug|Any CPU
		{1C0B060F-FB6C-3D19-B218-5801137E6AAC}.Release|Any CPU.ActiveCfg = Release|Any CPU
		{1C0B060F-FB6C-3D19-B218-5801137E6AAC}.Release|Any CPU.Build.0 = Release|Any CPU
	EndGlobalSection
	GlobalSection(SolutionProperties) = preSolution
		HideSolutionNode = FALSE
	EndGlobalSection
	GlobalSection(ExtensibilityGlobals) = postSolution
		SolutionGuid = {D0CA5AC1-37F9-45D0-83CE-12BBD1BC17AA}
	EndGlobalSection
EndGlob